
Microsoft Visual Studio Solution File, Format Version 12.00
Project("{FAE04EC0-301F-11D3-BF4B-00C04F79EFBC}") = "Paddle.Sdk", "Paddle.Sdk\Paddle.Sdk.csproj", "{63C66D60-71F2-46A6-A90B-C5FF342A52B2}"
EndProject
Project("{FAE04EC0-301F-11D3-BF4B-00C04F79EFBC}") = "Paddle.ApiTest", "Paddle.ApiTest\Paddle.ApiTest.csproj", "{1547D451-34A4-442C-813F-02DEEB05C697}"
EndProject
Project("{FAE04EC0-301F-11D3-BF4B-00C04F79EFBC}") = "Paddle.CliTest", "Paddle.CliTest\Paddle.CliTest.csproj", "{8A6E8253-BCAA-45A2-9155-4CF737930B87}"
EndProject
Global
	GlobalSection(SolutionConfigurationPlatforms) = preSolution
		Debug|Any CPU = Debug|Any CPU
		Release|Any CPU = Release|Any CPU
	EndGlobalSection
	GlobalSection(ProjectConfigurationPlatforms) = postSolution
		{63C66D60-71F2-46A6-A90B-C5FF342A52B2}.Debug|Any CPU.ActiveCfg = Debug|Any CPU
		{63C66D60-71F2-46A6-A90B-C5FF342A52B2}.Debug|Any CPU.Build.0 = Debug|Any CPU
		{63C66D60-71F2-46A6-A90B-C5FF342A52B2}.Release|Any CPU.ActiveCfg = Release|Any CPU
		{63C66D60-71F2-46A6-A90B-C5FF342A52B2}.Release|Any CPU.Build.0 = Release|Any CPU
		{1547D451-34A4-442C-813F-02DEEB05C697}.Debug|Any CPU.ActiveCfg = Debug|Any CPU
		{1547D451-34A4-442C-813F-02DEEB05C697}.Debug|Any CPU.Build.0 = Debug|Any CPU
		{1547D451-34A4-442C-813F-02DEEB05C697}.Release|Any CPU.ActiveCfg = Release|Any CPU
		{1547D451-34A4-442C-813F-02DEEB05C697}.Release|Any CPU.Build.0 = Release|Any CPU
		{8A6E8253-BCAA-45A2-9155-4CF737930B87}.Debug|Any CPU.ActiveCfg = Debug|Any CPU
		{8A6E8253-BCAA-45A2-9155-4CF737930B87}.Debug|Any CPU.Build.0 = Debug|Any CPU
		{8A6E8253-BCAA-45A2-9155-4CF737930B87}.Release|Any CPU.ActiveCfg = Release|Any CPU
		{8A6E8253-BCAA-45A2-9155-4CF737930B87}.Release|Any CPU.Build.0 = Release|Any CPU
	EndGlobalSection
EndGlobal
